
Microsoft Visual Studio Solution File, Format Version 12.00
# Visual Studio Version 17
VisualStudioVersion = 17.8.34525.116
MinimumVisualStudioVersion = 10.0.40219.1
Project("{FAE04EC0-301F-11D3-BF4B-00C04F79EFBC}") = "salmar-d365-mtps-convertor", "salmar-d365-mtps-convertor\salmar-d365-mtps-convertor.csproj", "{DD923F9A-7E3C-4712-8060-D3F4C9672339}"
EndProject
Global
	GlobalSection(SolutionConfigurationPlatforms) = preSolution
		Debug|Any CPU = Debug|Any CPU
		Release|Any CPU = Release|Any CPU
	EndGlobalSection
	GlobalSection(ProjectConfigurationPlatforms) = postSolution
		{DD923F9A-7E3C-4712-8060-D3F4C9672339}.Debug|Any CPU.ActiveCfg = Debug|Any CPU
		{DD923F9A-7E3C-4712-8060-D3F4C9672339}.Debug|Any CPU.Build.0 = Debug|Any CPU
		{DD923F9A-7E3C-4712-8060-D3F4C9672339}.Release|Any CPU.ActiveCfg = Release|Any CPU
		{DD923F9A-7E3C-4712-8060-D3F4C9672339}.Release|Any CPU.Build.0 = Release|Any CPU
	EndGlobalSection
	GlobalSection(SolutionProperties) = preSolution
		HideSolutionNode = FALSE
	EndGlobalSection
	GlobalSection(ExtensibilityGlobals) = postSolution
		SolutionGuid = {E493DCCD-A9DE-4E89-9C86-5503BB775882}
	EndGlobalSection
EndGlobal
